
Microsoft Visual Studio Solution File, Format Version 12.00
# Visual Studio 15
VisualStudioVersion = 15.0.33026.149
MinimumVisualStudioVersion = 10.0.40219.1
Project("{FAE04EC0-301F-11D3-BF4B-00C04F79EFBC}") = "WebApplication3", "WebApplication3\WebApplication3.csproj", "{DF0F012F-7CD9-45BD-8C7B-A23E4068CFD8}"
EndProject
Global
	GlobalSection(SolutionConfigurationPlatforms) = preSolution
		Debug|Any CPU = Debug|Any CPU
		Release|Any CPU = Release|Any CPU
	EndGlobalSection
	GlobalSection(ProjectConfigurationPlatforms) = postSolution
		{DF0F012F-7CD9-45BD-8C7B-A23E4068CFD8}.Debug|Any CPU.ActiveCfg = Debug|Any CPU
		{DF0F012F-7CD9-45BD-8C7B-A23E4068CFD8}.Debug|Any CPU.Build.0 = Debug|Any CPU
		{DF0F012F-7CD9-45BD-8C7B-A23E4068CFD8}.Release|Any CPU.ActiveCfg = Release|Any CPU
		{DF0F012F-7CD9-45BD-8C7B-A23E4068CFD8}.Release|Any CPU.Build.0 = Release|Any CPU
	EndGlobalSection
	GlobalSection(SolutionProperties) = preSolution
		HideSolutionNode = FALSE
	EndGlobalSection
	GlobalSection(ExtensibilityGlobals) = postSolution
		SolutionGuid = {5446DCC0-6E00-40FA-8E14-5389BBD6D078}
	EndGlobalSection
EndGlobal
