
Microsoft Visual Studio Solution File, Format Version 12.00
# Visual Studio 15
VisualStudioVersion = 15.0.33026.149
MinimumVisualStudioVersion = 10.0.40219.1
Project("{FAE04EC0-301F-11D3-BF4B-00C04F79EFBC}") = "ValidationInMvcInLooslyBinding", "ValidationInMvcInLooslyBinding\ValidationInMvcInLooslyBinding.csproj", "{6C689FA9-5487-4653-9625-C5659C1ACE5E}"
EndProject
Global
	GlobalSection(SolutionConfigurationPlatforms) = preSolution
		Debug|Any CPU = Debug|Any CPU
		Release|Any CPU = Release|Any CPU
	EndGlobalSection
	GlobalSection(ProjectConfigurationPlatforms) = postSolution
		{6C689FA9-5487-4653-9625-C5659C1ACE5E}.Debug|Any CPU.ActiveCfg = Debug|Any CPU
		{6C689FA9-5487-4653-9625-C5659C1ACE5E}.Debug|Any CPU.Build.0 = Debug|Any CPU
		{6C689FA9-5487-4653-9625-C5659C1ACE5E}.Release|Any CPU.ActiveCfg = Release|Any CPU
		{6C689FA9-5487-4653-9625-C5659C1ACE5E}.Release|Any CPU.Build.0 = Release|Any CPU
	EndGlobalSection
	GlobalSection(SolutionProperties) = preSolution
		HideSolutionNode = FALSE
	EndGlobalSection
	GlobalSection(ExtensibilityGlobals) = postSolution
		SolutionGuid = {55EB7BB9-DF02-41AA-B588-7BD9BA7FD837}
	EndGlobalSection
EndGlobal
