
Microsoft Visual Studio Solution File, Format Version 12.00
# Visual Studio 15
VisualStudioVersion = 15.0.33026.149
MinimumVisualStudioVersion = 10.0.40219.1
Project("{FAE04EC0-301F-11D3-BF4B-00C04F79EFBC}") = "ModelsInMVC", "ModelsInMVC\ModelsInMVC.csproj", "{A44497CA-6B3D-40A1-844F-79B9EADE1127}"
EndProject
Global
	GlobalSection(SolutionConfigurationPlatforms) = preSolution
		Debug|Any CPU = Debug|Any CPU
		Release|Any CPU = Release|Any CPU
	EndGlobalSection
	GlobalSection(ProjectConfigurationPlatforms) = postSolution
		{A44497CA-6B3D-40A1-844F-79B9EADE1127}.Debug|Any CPU.ActiveCfg = Debug|Any CPU
		{A44497CA-6B3D-40A1-844F-79B9EADE1127}.Debug|Any CPU.Build.0 = Debug|Any CPU
		{A44497CA-6B3D-40A1-844F-79B9EADE1127}.Release|Any CPU.ActiveCfg = Release|Any CPU
		{A44497CA-6B3D-40A1-844F-79B9EADE1127}.Release|Any CPU.Build.0 = Release|Any CPU
	EndGlobalSection
	GlobalSection(SolutionProperties) = preSolution
		HideSolutionNode = FALSE
	EndGlobalSection
	GlobalSection(ExtensibilityGlobals) = postSolution
		SolutionGuid = {6C32592B-445E-4954-95B8-7F52209F6180}
	EndGlobalSection
EndGlobal
