
Microsoft Visual Studio Solution File, Format Version 12.00
# Visual Studio 15
VisualStudioVersion = 15.0.33026.149
MinimumVisualStudioVersion = 10.0.40219.1
Project("{FAE04EC0-301F-11D3-BF4B-00C04F79EFBC}") = "EntityFrameworkInMvc", "EntityFrameworkInMvc\EntityFrameworkInMvc.csproj", "{EDF044F7-D36D-4A5D-B032-9A4A0F146528}"
EndProject
Project("{FAE04EC0-301F-11D3-BF4B-00C04F79EFBC}") = "MyApp.Db", "MyApp.Db\MyApp.Db.csproj", "{04B2E238-831E-4B98-8551-8D0C6BD0A583}"
EndProject
Project("{FAE04EC0-301F-11D3-BF4B-00C04F79EFBC}") = "Db.Models", "Db.Models\Db.Models.csproj", "{19A9ADBE-2494-4C14-A4AB-2F589615E3E1}"
EndProject
Global
	GlobalSection(SolutionConfigurationPlatforms) = preSolution
		Debug|Any CPU = Debug|Any CPU
		Release|Any CPU = Release|Any CPU
	EndGlobalSection
	GlobalSection(ProjectConfigurationPlatforms) = postSolution
		{EDF044F7-D36D-4A5D-B032-9A4A0F146528}.Debug|Any CPU.ActiveCfg = Debug|Any CPU
		{EDF044F7-D36D-4A5D-B032-9A4A0F146528}.Debug|Any CPU.Build.0 = Debug|Any CPU
		{EDF044F7-D36D-4A5D-B032-9A4A0F146528}.Release|Any CPU.ActiveCfg = Release|Any CPU
		{EDF044F7-D36D-4A5D-B032-9A4A0F146528}.Release|Any CPU.Build.0 = Release|Any CPU
		{04B2E238-831E-4B98-8551-8D0C6BD0A583}.Debug|Any CPU.ActiveCfg = Debug|Any CPU
		{04B2E238-831E-4B98-8551-8D0C6BD0A583}.Debug|Any CPU.Build.0 = Debug|Any CPU
		{04B2E238-831E-4B98-8551-8D0C6BD0A583}.Release|Any CPU.ActiveCfg = Release|Any CPU
		{04B2E238-831E-4B98-8551-8D0C6BD0A583}.Release|Any CPU.Build.0 = Release|Any CPU
		{19A9ADBE-2494-4C14-A4AB-2F589615E3E1}.Debug|Any CPU.ActiveCfg = Debug|Any CPU
		{19A9ADBE-2494-4C14-A4AB-2F589615E3E1}.Debug|Any CPU.Build.0 = Debug|Any CPU
		{19A9ADBE-2494-4C14-A4AB-2F589615E3E1}.Release|Any CPU.ActiveCfg = Release|Any CPU
		{19A9ADBE-2494-4C14-A4AB-2F589615E3E1}.Release|Any CPU.Build.0 = Release|Any CPU
	EndGlobalSection
	GlobalSection(SolutionProperties) = preSolution
		HideSolutionNode = FALSE
	EndGlobalSection
	GlobalSection(ExtensibilityGlobals) = postSolution
		SolutionGuid = {10801E8B-5254-4635-91A5-B89B0AC0363B}
	EndGlobalSection
EndGlobal
