
Microsoft Visual Studio Solution File, Format Version 12.00
# Visual Studio 15
VisualStudioVersion = 15.0.33026.149
MinimumVisualStudioVersion = 10.0.40219.1
Project("{FAE04EC0-301F-11D3-BF4B-00C04F79EFBC}") = "RazorViewEngine", "RazorViewEngine\RazorViewEngine.csproj", "{4EC74D5B-99E1-4D83-9FAC-3F9D1757076B}"
EndProject
Global
	GlobalSection(SolutionConfigurationPlatforms) = preSolution
		Debug|Any CPU = Debug|Any CPU
		Release|Any CPU = Release|Any CPU
	EndGlobalSection
	GlobalSection(ProjectConfigurationPlatforms) = postSolution
		{4EC74D5B-99E1-4D83-9FAC-3F9D1757076B}.Debug|Any CPU.ActiveCfg = Debug|Any CPU
		{4EC74D5B-99E1-4D83-9FAC-3F9D1757076B}.Debug|Any CPU.Build.0 = Debug|Any CPU
		{4EC74D5B-99E1-4D83-9FAC-3F9D1757076B}.Release|Any CPU.ActiveCfg = Release|Any CPU
		{4EC74D5B-99E1-4D83-9FAC-3F9D1757076B}.Release|Any CPU.Build.0 = Release|Any CPU
	EndGlobalSection
	GlobalSection(SolutionProperties) = preSolution
		HideSolutionNode = FALSE
	EndGlobalSection
	GlobalSection(ExtensibilityGlobals) = postSolution
		SolutionGuid = {CDFB0B1A-0C0B-4C67-9701-1847F5BBDF54}
	EndGlobalSection
EndGlobal
